
Microsoft Visual Studio Solution File, Format Version 12.00
# Visual Studio Version 16
VisualStudioVersion = 16.0.30114.105
MinimumVisualStudioVersion = 10.0.40219.1
Project("{FAE04EC0-301F-11D3-BF4B-00C04F79EFBC}") = "Laba8", "Laba8\Laba8.csproj", "{2C25B7A6-F458-4B38-B261-00833A15F75E}"
EndProject
Global
	GlobalSection(SolutionConfigurationPlatforms) = preSolution
		Debug|Any CPU = Debug|Any CPU
		Release|Any CPU = Release|Any CPU
	EndGlobalSection
	GlobalSection(ProjectConfigurationPlatforms) = postSolution
		{2C25B7A6-F458-4B38-B261-00833A15F75E}.Debug|Any CPU.ActiveCfg = Debug|Any CPU
		{2C25B7A6-F458-4B38-B261-00833A15F75E}.Debug|Any CPU.Build.0 = Debug|Any CPU
		{2C25B7A6-F458-4B38-B261-00833A15F75E}.Release|Any CPU.ActiveCfg = Release|Any CPU
		{2C25B7A6-F458-4B38-B261-00833A15F75E}.Release|Any CPU.Build.0 = Release|Any CPU
	EndGlobalSection
	GlobalSection(SolutionProperties) = preSolution
		HideSolutionNode = FALSE
	EndGlobalSection
	GlobalSection(ExtensibilityGlobals) = postSolution
		SolutionGuid = {022E2BB3-D9CD-4FCB-868F-ECE08EAEA770}
	EndGlobalSection
EndGlobal
