
Microsoft Visual Studio Solution File, Format Version 12.00
# Visual Studio Version 16
VisualStudioVersion = 16.0.29905.134
MinimumVisualStudioVersion = 10.0.40219.1
Project("{FAE04EC0-301F-11D3-BF4B-00C04F79EFBC}") = "Laba2_DES", "laba2_DES\Laba2_DES.csproj", "{B99296EB-5C56-4600-AE32-61DF57AB28CF}"
EndProject
Global
	GlobalSection(SolutionConfigurationPlatforms) = preSolution
		Debug|Any CPU = Debug|Any CPU
		Release|Any CPU = Release|Any CPU
	EndGlobalSection
	GlobalSection(ProjectConfigurationPlatforms) = postSolution
		{B99296EB-5C56-4600-AE32-61DF57AB28CF}.Debug|Any CPU.ActiveCfg = Debug|Any CPU
		{B99296EB-5C56-4600-AE32-61DF57AB28CF}.Debug|Any CPU.Build.0 = Debug|Any CPU
		{B99296EB-5C56-4600-AE32-61DF57AB28CF}.Release|Any CPU.ActiveCfg = Release|Any CPU
		{B99296EB-5C56-4600-AE32-61DF57AB28CF}.Release|Any CPU.Build.0 = Release|Any CPU
	EndGlobalSection
	GlobalSection(SolutionProperties) = preSolution
		HideSolutionNode = FALSE
	EndGlobalSection
	GlobalSection(ExtensibilityGlobals) = postSolution
		SolutionGuid = {3173C468-0DE0-4309-A8F4-F27A5A789804}
	EndGlobalSection
EndGlobal
