
Microsoft Visual Studio Solution File, Format Version 12.00
# Visual Studio Version 16
VisualStudioVersion = 16.0.30114.105
MinimumVisualStudioVersion = 10.0.40219.1
Project("{9A19103F-16F7-4668-BE54-9A1E7A4F7556}") = "Laba7", "Laba7\Laba7.csproj", "{BFC5902A-7386-4709-A656-6F7DBB2CF214}"
EndProject
Global
	GlobalSection(SolutionConfigurationPlatforms) = preSolution
		Debug|Any CPU = Debug|Any CPU
		Debug|x64 = Debug|x64
		Release|Any CPU = Release|Any CPU
		Release|x64 = Release|x64
	EndGlobalSection
	GlobalSection(ProjectConfigurationPlatforms) = postSolution
		{BFC5902A-7386-4709-A656-6F7DBB2CF214}.Debug|Any CPU.ActiveCfg = Debug|Any CPU
		{BFC5902A-7386-4709-A656-6F7DBB2CF214}.Debug|Any CPU.Build.0 = Debug|Any CPU
		{BFC5902A-7386-4709-A656-6F7DBB2CF214}.Debug|x64.ActiveCfg = Release|x64
		{BFC5902A-7386-4709-A656-6F7DBB2CF214}.Debug|x64.Build.0 = Release|x64
		{BFC5902A-7386-4709-A656-6F7DBB2CF214}.Release|Any CPU.ActiveCfg = Release|Any CPU
		{BFC5902A-7386-4709-A656-6F7DBB2CF214}.Release|Any CPU.Build.0 = Release|Any CPU
		{BFC5902A-7386-4709-A656-6F7DBB2CF214}.Release|x64.ActiveCfg = Release|x64
		{BFC5902A-7386-4709-A656-6F7DBB2CF214}.Release|x64.Build.0 = Release|x64
	EndGlobalSection
	GlobalSection(SolutionProperties) = preSolution
		HideSolutionNode = FALSE
	EndGlobalSection
	GlobalSection(ExtensibilityGlobals) = postSolution
		SolutionGuid = {8AEF8FB5-DA5F-4213-81D3-9B4588F327FC}
	EndGlobalSection
EndGlobal
