
Microsoft Visual Studio Solution File, Format Version 12.00
# Visual Studio Version 16
VisualStudioVersion = 16.0.30114.105
MinimumVisualStudioVersion = 10.0.40219.1
Project("{FAE04EC0-301F-11D3-BF4B-00C04F79EFBC}") = "Laba6", "Laba6\Laba6.csproj", "{DBD7B7D6-8989-4FDD-B562-04D0B3C6C824}"
EndProject
Global
	GlobalSection(SolutionConfigurationPlatforms) = preSolution
		Debug|Any CPU = Debug|Any CPU
		Release|Any CPU = Release|Any CPU
	EndGlobalSection
	GlobalSection(ProjectConfigurationPlatforms) = postSolution
		{DBD7B7D6-8989-4FDD-B562-04D0B3C6C824}.Debug|Any CPU.ActiveCfg = Debug|Any CPU
		{DBD7B7D6-8989-4FDD-B562-04D0B3C6C824}.Debug|Any CPU.Build.0 = Debug|Any CPU
		{DBD7B7D6-8989-4FDD-B562-04D0B3C6C824}.Release|Any CPU.ActiveCfg = Release|Any CPU
		{DBD7B7D6-8989-4FDD-B562-04D0B3C6C824}.Release|Any CPU.Build.0 = Release|Any CPU
	EndGlobalSection
	GlobalSection(SolutionProperties) = preSolution
		HideSolutionNode = FALSE
	EndGlobalSection
	GlobalSection(ExtensibilityGlobals) = postSolution
		SolutionGuid = {0D138AD3-073F-4A05-967B-66940A40F4FB}
	EndGlobalSection
EndGlobal
